// !$*UTF8*$!
{
	archiveVersion = 1;
	classes = {
	};
	objectVersion = 56;
	objects = {

/* Begin PBXBuildFile section */
		27BFD96C2C12F0EB00A207E1 /* Roboto-Medium.ttf in Resources */ = {isa = PBXBuildFile; fileRef = 27BFD95F2C12F0EB00A207E1 /* Roboto-Medium.ttf */; };
		27BFD96D2C12F0EB00A207E1 /* Roboto-Light.ttf in Resources */ = {isa = PBXBuildFile; fileRef = 27BFD9602C12F0EB00A207E1 /* Roboto-Light.ttf */; };
		27BFD96E2C12F0EB00A207E1 /* Roboto-Regular.ttf in Resources */ = {isa = PBXBuildFile; fileRef = 27BFD9612C12F0EB00A207E1 /* Roboto-Regular.ttf */; };
		27BFD96F2C12F0EB00A207E1 /* Roboto-MediumItalic.ttf in Resources */ = {isa = PBXBuildFile; fileRef = 27BFD9622C12F0EB00A207E1 /* Roboto-MediumItalic.ttf */; };
		27BFD9702C12F0EB00A207E1 /* Roboto-ThinItalic.ttf in Resources */ = {isa = PBXBuildFile; fileRef = 27BFD9632C12F0EB00A207E1 /* Roboto-ThinItalic.ttf */; };
		27BFD9712C12F0EB00A207E1 /* Roboto-BoldItalic.ttf in Resources */ = {isa = PBXBuildFile; fileRef = 27BFD9642C12F0EB00A207E1 /* Roboto-BoldItalic.ttf */; };
		27BFD9722C12F0EB00A207E1 /* Roboto-LightItalic.ttf in Resources */ = {isa = PBXBuildFile; fileRef = 27BFD9652C12F0EB00A207E1 /* Roboto-LightItalic.ttf */; };
		27BFD9732C12F0EB00A207E1 /* Roboto-Italic.ttf in Resources */ = {isa = PBXBuildFile; fileRef = 27BFD9662C12F0EB00A207E1 /* Roboto-Italic.ttf */; };
		27BFD9742C12F0EB00A207E1 /* LICENSE.txt in Resources */ = {isa = PBXBuildFile; fileRef = 27BFD9672C12F0EB00A207E1 /* LICENSE.txt */; };
		27BFD9752C12F0EB00A207E1 /* Roboto-BlackItalic.ttf in Resources */ = {isa = PBXBuildFile; fileRef = 27BFD9682C12F0EB00A207E1 /* Roboto-BlackItalic.ttf */; };
		27BFD9762C12F0EB00A207E1 /* Roboto-Bold.ttf in Resources */ = {isa = PBXBuildFile; fileRef = 27BFD9692C12F0EB00A207E1 /* Roboto-Bold.ttf */; };
		27BFD9772C12F0EB00A207E1 /* Roboto-Thin.ttf in Resources */ = {isa = PBXBuildFile; fileRef = 27BFD96A2C12F0EB00A207E1 /* Roboto-Thin.ttf */; };
		27BFD9782C12F0EB00A207E1 /* Roboto-Black.ttf in Resources */ = {isa = PBXBuildFile; fileRef = 27BFD96B2C12F0EB00A207E1 /* Roboto-Black.ttf */; };
		27BFD97B2C12F2FA00A207E1 /* UIFont+Extension.swift in Sources */ = {isa = PBXBuildFile; fileRef = 27BFD97A2C12F2FA00A207E1 /* UIFont+Extension.swift */; };
		27BFD97D2C13190900A207E1 /* UIColor+Extension.swift in Sources */ = {isa = PBXBuildFile; fileRef = 27BFD97C2C13190900A207E1 /* UIColor+Extension.swift */; };
		27BFD97F2C13196A00A207E1 /* AppColors.swift in Sources */ = {isa = PBXBuildFile; fileRef = 27BFD97E2C13196A00A207E1 /* AppColors.swift */; };
		27BFD9842C1430C100A207E1 /* Coordinator.swift in Sources */ = {isa = PBXBuildFile; fileRef = 27BFD9832C1430C100A207E1 /* Coordinator.swift */; };
		27DC8E302C0A1F24008F5B76 /* AppDelegate.swift in Sources */ = {isa = PBXBuildFile; fileRef = 27DC8E2F2C0A1F24008F5B76 /* AppDelegate.swift */; };
		27DC8E322C0A1F24008F5B76 /* SceneDelegate.swift in Sources */ = {isa = PBXBuildFile; fileRef = 27DC8E312C0A1F24008F5B76 /* SceneDelegate.swift */; };
		27DC8E342C0A1F24008F5B76 /* ViewController.swift in Sources */ = {isa = PBXBuildFile; fileRef = 27DC8E332C0A1F24008F5B76 /* ViewController.swift */; };
		27DC8E392C0A1F26008F5B76 /* Assets.xcassets in Resources */ = {isa = PBXBuildFile; fileRef = 27DC8E382C0A1F26008F5B76 /* Assets.xcassets */; };
		27DC8E3C2C0A1F26008F5B76 /* LaunchScreen.storyboard in Resources */ = {isa = PBXBuildFile; fileRef = 27DC8E3A2C0A1F26008F5B76 /* LaunchScreen.storyboard */; };
/* End PBXBuildFile section */

/* Begin PBXFileReference section */
		27BFD95F2C12F0EB00A207E1 /* Roboto-Medium.ttf */ = {isa = PBXFileReference; lastKnownFileType = file; path = "Roboto-Medium.ttf"; sourceTree = "<group>"; };
		27BFD9602C12F0EB00A207E1 /* Roboto-Light.ttf */ = {isa = PBXFileReference; lastKnownFileType = file; path = "Roboto-Light.ttf"; sourceTree = "<group>"; };
		27BFD9612C12F0EB00A207E1 /* Roboto-Regular.ttf */ = {isa = PBXFileReference; lastKnownFileType = file; path = "Roboto-Regular.ttf"; sourceTree = "<group>"; };
		27BFD9622C12F0EB00A207E1 /* Roboto-MediumItalic.ttf */ = {isa = PBXFileReference; lastKnownFileType = file; path = "Roboto-MediumItalic.ttf"; sourceTree = "<group>"; };
		27BFD9632C12F0EB00A207E1 /* Roboto-ThinItalic.ttf */ = {isa = PBXFileReference; lastKnownFileType = file; path = "Roboto-ThinItalic.ttf"; sourceTree = "<group>"; };
		27BFD9642C12F0EB00A207E1 /* Roboto-BoldItalic.ttf */ = {isa = PBXFileReference; lastKnownFileType = file; path = "Roboto-BoldItalic.ttf"; sourceTree = "<group>"; };
		27BFD9652C12F0EB00A207E1 /* Roboto-LightItalic.ttf */ = {isa = PBXFileReference; lastKnownFileType = file; path = "Roboto-LightItalic.ttf"; sourceTree = "<group>"; };
		27BFD9662C12F0EB00A207E1 /* Roboto-Italic.ttf */ = {isa = PBXFileReference; lastKnownFileType = file; path = "Roboto-Italic.ttf"; sourceTree = "<group>"; };
		27BFD9672C12F0EB00A207E1 /* LICENSE.txt */ = {isa = PBXFileReference; fileEncoding = 4; lastKnownFileType = text; path = LICENSE.txt; sourceTree = "<group>"; };
		27BFD9682C12F0EB00A207E1 /* Roboto-BlackItalic.ttf */ = {isa = PBXFileReference; lastKnownFileType = file; path = "Roboto-BlackItalic.ttf"; sourceTree = "<group>"; };
		27BFD9692C12F0EB00A207E1 /* Roboto-Bold.ttf */ = {isa = PBXFileReference; lastKnownFileType = file; path = "Roboto-Bold.ttf"; sourceTree = "<group>"; };
		27BFD96A2C12F0EB00A207E1 /* Roboto-Thin.ttf */ = {isa = PBXFileReference; lastKnownFileType = file; path = "Roboto-Thin.ttf"; sourceTree = "<group>"; };
		27BFD96B2C12F0EB00A207E1 /* Roboto-Black.ttf */ = {isa = PBXFileReference; lastKnownFileType = file; path = "Roboto-Black.ttf"; sourceTree = "<group>"; };
		27BFD97A2C12F2FA00A207E1 /* UIFont+Extension.swift */ = {isa = PBXFileReference; lastKnownFileType = sourcecode.swift; path = "UIFont+Extension.swift"; sourceTree = "<group>"; };
		27BFD97C2C13190900A207E1 /* UIColor+Extension.swift */ = {isa = PBXFileReference; lastKnownFileType = sourcecode.swift; path = "UIColor+Extension.swift"; sourceTree = "<group>"; };
		27BFD97E2C13196A00A207E1 /* AppColors.swift */ = {isa = PBXFileReference; lastKnownFileType = sourcecode.swift; path = AppColors.swift; sourceTree = "<group>"; };
		27BFD9832C1430C100A207E1 /* Coordinator.swift */ = {isa = PBXFileReference; lastKnownFileType = sourcecode.swift; path = Coordinator.swift; sourceTree = "<group>"; };
		27DC8E2C2C0A1F24008F5B76 /* FoodDeliveryApp.app */ = {isa = PBXFileReference; explicitFileType = wrapper.application; includeInIndex = 0; path = FoodDeliveryApp.app; sourceTree = BUILT_PRODUCTS_DIR; };
		27DC8E2F2C0A1F24008F5B76 /* AppDelegate.swift */ = {isa = PBXFileReference; lastKnownFileType = sourcecode.swift; path = AppDelegate.swift; sourceTree = "<group>"; };
		27DC8E312C0A1F24008F5B76 /* SceneDelegate.swift */ = {isa = PBXFileReference; lastKnownFileType = sourcecode.swift; path = SceneDelegate.swift; sourceTree = "<group>"; };
		27DC8E332C0A1F24008F5B76 /* ViewController.swift */ = {isa = PBXFileReference; lastKnownFileType = sourcecode.swift; path = ViewController.swift; sourceTree = "<group>"; };
		27DC8E382C0A1F26008F5B76 /* Assets.xcassets */ = {isa = PBXFileReference; lastKnownFileType = folder.assetcatalog; path = Assets.xcassets; sourceTree = "<group>"; };
		27DC8E3B2C0A1F26008F5B76 /* Base */ = {isa = PBXFileReference; lastKnownFileType = file.storyboard; name = Base; path = Base.lproj/LaunchScreen.storyboard; sourceTree = "<group>"; };
		27DC8E3D2C0A1F26008F5B76 /* Info.plist */ = {isa = PBXFileReference; lastKnownFileType = text.plist.xml; path = Info.plist; sourceTree = "<group>"; };
/* End PBXFileReference section */

/* Begin PBXFrameworksBuildPhase section */
		27DC8E292C0A1F24008F5B76 /* Frameworks */ = {
			isa = PBXFrameworksBuildPhase;
			buildActionMask = 2147483647;
			files = (
			);
			runOnlyForDeploymentPostprocessing = 0;
		};
/* End PBXFrameworksBuildPhase section */

/* Begin PBXGroup section */
		27BFD95C2C1237CE00A207E1 /* Resources */ = {
			isa = PBXGroup;
			children = (
				27BFD9792C12F2A600A207E1 /* Extensions */,
				27BFD95D2C12F03E00A207E1 /* Fonts */,
				27BFD97E2C13196A00A207E1 /* AppColors.swift */,
			);
			path = Resources;
			sourceTree = "<group>";
		};
		27BFD95D2C12F03E00A207E1 /* Fonts */ = {
			isa = PBXGroup;
			children = (
				27BFD95E2C12F0EB00A207E1 /* Roboto */,
			);
			path = Fonts;
			sourceTree = "<group>";
		};
		27BFD95E2C12F0EB00A207E1 /* Roboto */ = {
			isa = PBXGroup;
			children = (
				27BFD95F2C12F0EB00A207E1 /* Roboto-Medium.ttf */,
				27BFD9602C12F0EB00A207E1 /* Roboto-Light.ttf */,
				27BFD9612C12F0EB00A207E1 /* Roboto-Regular.ttf */,
				27BFD9622C12F0EB00A207E1 /* Roboto-MediumItalic.ttf */,
				27BFD9632C12F0EB00A207E1 /* Roboto-ThinItalic.ttf */,
				27BFD9642C12F0EB00A207E1 /* Roboto-BoldItalic.ttf */,
				27BFD9652C12F0EB00A207E1 /* Roboto-LightItalic.ttf */,
				27BFD9662C12F0EB00A207E1 /* Roboto-Italic.ttf */,
				27BFD9672C12F0EB00A207E1 /* LICENSE.txt */,
				27BFD9682C12F0EB00A207E1 /* Roboto-BlackItalic.ttf */,
				27BFD9692C12F0EB00A207E1 /* Roboto-Bold.ttf */,
				27BFD96A2C12F0EB00A207E1 /* Roboto-Thin.ttf */,
				27BFD96B2C12F0EB00A207E1 /* Roboto-Black.ttf */,
			);
			path = Roboto;
			sourceTree = "<group>";
		};
		27BFD9792C12F2A600A207E1 /* Extensions */ = {
			isa = PBXGroup;
			children = (
				27BFD97A2C12F2FA00A207E1 /* UIFont+Extension.swift */,
				27BFD97C2C13190900A207E1 /* UIColor+Extension.swift */,
			);
			path = Extensions;
			sourceTree = "<group>";
		};
		27BFD9802C14304100A207E1 /* NavigationLayer */ = {
			isa = PBXGroup;
			children = (
				27BFD9822C14308E00A207E1 /* Coordinators */,
				27BFD9812C14307900A207E1 /* Controllers */,
			);
			path = NavigationLayer;
			sourceTree = "<group>";
		};
		27BFD9812C14307900A207E1 /* Controllers */ = {
			isa = PBXGroup;
			children = (
			);
			path = Controllers;
			sourceTree = "<group>";
		};
		27BFD9822C14308E00A207E1 /* Coordinators */ = {
			isa = PBXGroup;
			children = (
				27BFD9832C1430C100A207E1 /* Coordinator.swift */,
			);
			path = Coordinators;
			sourceTree = "<group>";
		};
		27DC8E232C0A1F24008F5B76 = {
			isa = PBXGroup;
			children = (
				27DC8E2E2C0A1F24008F5B76 /* FoodDeliveryApp */,
				27DC8E2D2C0A1F24008F5B76 /* Products */,
			);
			sourceTree = "<group>";
		};
		27DC8E2D2C0A1F24008F5B76 /* Products */ = {
			isa = PBXGroup;
			children = (
				27DC8E2C2C0A1F24008F5B76 /* FoodDeliveryApp.app */,
			);
			name = Products;
			sourceTree = "<group>";
		};
		27DC8E2E2C0A1F24008F5B76 /* FoodDeliveryApp */ = {
			isa = PBXGroup;
			children = (
				27BFD9802C14304100A207E1 /* NavigationLayer */,
				27BFD95C2C1237CE00A207E1 /* Resources */,
				27DC8E2F2C0A1F24008F5B76 /* AppDelegate.swift */,
				27DC8E312C0A1F24008F5B76 /* SceneDelegate.swift */,
				27DC8E332C0A1F24008F5B76 /* ViewController.swift */,
				27DC8E382C0A1F26008F5B76 /* Assets.xcassets */,
				27DC8E3A2C0A1F26008F5B76 /* LaunchScreen.storyboard */,
				27DC8E3D2C0A1F26008F5B76 /* Info.plist */,
			);
			path = FoodDeliveryApp;
			sourceTree = "<group>";
		};
/* End PBXGroup section */

/* Begin PBXNativeTarget section */
		27DC8E2B2C0A1F24008F5B76 /* FoodDeliveryApp */ = {
			isa = PBXNativeTarget;
			buildConfigurationList = 27DC8E402C0A1F26008F5B76 /* Build configuration list for PBXNativeTarget "FoodDeliveryApp" */;
			buildPhases = (
				27DC8E282C0A1F24008F5B76 /* Sources */,
				27DC8E292C0A1F24008F5B76 /* Frameworks */,
				27DC8E2A2C0A1F24008F5B76 /* Resources */,
			);
			buildRules = (
			);
			dependencies = (
			);
			name = FoodDeliveryApp;
			productName = FoodDeliveryApp;
			productReference = 27DC8E2C2C0A1F24008F5B76 /* FoodDeliveryApp.app */;
			productType = "com.apple.product-type.application";
		};
/* End PBXNativeTarget section */

/* Begin PBXProject section */
		27DC8E242C0A1F24008F5B76 /* Project object */ = {
			isa = PBXProject;
			attributes = {
				BuildIndependentTargetsInParallel = 1;
				LastSwiftUpdateCheck = 1520;
				LastUpgradeCheck = 1520;
				TargetAttributes = {
					27DC8E2B2C0A1F24008F5B76 = {
						CreatedOnToolsVersion = 15.2;
					};
				};
			};
			buildConfigurationList = 27DC8E272C0A1F24008F5B76 /* Build configuration list for PBXProject "FoodDeliveryApp" */;
			compatibilityVersion = "Xcode 14.0";
			developmentRegion = en;
			hasScannedForEncodings = 0;
			knownRegions = (
				en,
				Base,
			);
			mainGroup = 27DC8E232C0A1F24008F5B76;
			productRefGroup = 27DC8E2D2C0A1F24008F5B76 /* Products */;
			projectDirPath = "";
			projectRoot = "";
			targets = (
				27DC8E2B2C0A1F24008F5B76 /* FoodDeliveryApp */,
			);
		};
/* End PBXProject section */

/* Begin PBXResourcesBuildPhase section */
		27DC8E2A2C0A1F24008F5B76 /* Resources */ = {
			isa = PBXResourcesBuildPhase;
			buildActionMask = 2147483647;
			files = (
				27BFD9772C12F0EB00A207E1 /* Roboto-Thin.ttf in Resources */,
				27BFD9742C12F0EB00A207E1 /* LICENSE.txt in Resources */,
				27BFD9782C12F0EB00A207E1 /* Roboto-Black.ttf in Resources */,
				27BFD9762C12F0EB00A207E1 /* Roboto-Bold.ttf in Resources */,
				27DC8E3C2C0A1F26008F5B76 /* LaunchScreen.storyboard in Resources */,
				27DC8E392C0A1F26008F5B76 /* Assets.xcassets in Resources */,
				27BFD9712C12F0EB00A207E1 /* Roboto-BoldItalic.ttf in Resources */,
				27BFD96E2C12F0EB00A207E1 /* Roboto-Regular.ttf in Resources */,
				27BFD9702C12F0EB00A207E1 /* Roboto-ThinItalic.ttf in Resources */,
				27BFD9722C12F0EB00A207E1 /* Roboto-LightItalic.ttf in Resources */,
				27BFD9752C12F0EB00A207E1 /* Roboto-BlackItalic.ttf in Resources */,
				27BFD96D2C12F0EB00A207E1 /* Roboto-Light.ttf in Resources */,
				27BFD9732C12F0EB00A207E1 /* Roboto-Italic.ttf in Resources */,
				27BFD96F2C12F0EB00A207E1 /* Roboto-MediumItalic.ttf in Resources */,
				27BFD96C2C12F0EB00A207E1 /* Roboto-Medium.ttf in Resources */,
			);
			runOnlyForDeploymentPostprocessing = 0;
		};
/* End PBXResourcesBuildPhase section */

/* Begin PBXSourcesBuildPhase section */
		27DC8E282C0A1F24008F5B76 /* Sources */ = {
			isa = PBXSourcesBuildPhase;
			buildActionMask = 2147483647;
			files = (
				27DC8E342C0A1F24008F5B76 /* ViewController.swift in Sources */,
				27DC8E302C0A1F24008F5B76 /* AppDelegate.swift in Sources */,
				27BFD97B2C12F2FA00A207E1 /* UIFont+Extension.swift in Sources */,
				27BFD97F2C13196A00A207E1 /* AppColors.swift in Sources */,
				27DC8E322C0A1F24008F5B76 /* SceneDelegate.swift in Sources */,
				27BFD9842C1430C100A207E1 /* Coordinator.swift in Sources */,
				27BFD97D2C13190900A207E1 /* UIColor+Extension.swift in Sources */,
			);
			runOnlyForDeploymentPostprocessing = 0;
		};
/* End PBXSourcesBuildPhase section */

/* Begin PBXVariantGroup section */
		27DC8E3A2C0A1F26008F5B76 /* LaunchScreen.storyboard */ = {
			isa = PBXVariantGroup;
			children = (
				27DC8E3B2C0A1F26008F5B76 /* Base */,
			);
			name = LaunchScreen.storyboard;
			sourceTree = "<group>";
		};
/* End PBXVariantGroup section */

/* Begin XCBuildConfiguration section */
		27DC8E3E2C0A1F26008F5B76 /* Debug */ = {
			isa = XCBuildConfiguration;
			buildSettings = {
				ALWAYS_SEARCH_USER_PATHS = NO;
				ASSETCATALOG_COMPILER_GENERATE_SWIFT_ASSET_SYMBOL_EXTENSIONS = YES;
				CLANG_ANALYZER_NONNULL = YES;
				CLANG_ANALYZER_NUMBER_OBJECT_CONVERSION = YES_AGGRESSIVE;
				CLANG_CXX_LANGUAGE_STANDARD = "gnu++20";
				CLANG_ENABLE_MODULES = YES;
				CLANG_ENABLE_OBJC_ARC = YES;
				CLANG_ENABLE_OBJC_WEAK = YES;
				CLANG_WARN_BLOCK_CAPTURE_AUTORELEASING = YES;
				CLANG_WARN_BOOL_CONVERSION = YES;
				CLANG_WARN_COMMA = YES;
				CLANG_WARN_CONSTANT_CONVERSION = YES;
				CLANG_WARN_DEPRECATED_OBJC_IMPLEMENTATIONS = YES;
				CLANG_WARN_DIRECT_OBJC_ISA_USAGE = YES_ERROR;
				CLANG_WARN_DOCUMENTATION_COMMENTS = YES;
				CLANG_WARN_EMPTY_BODY = YES;
				CLANG_WARN_ENUM_CONVERSION = YES;
				CLANG_WARN_INFINITE_RECURSION = YES;
				CLANG_WARN_INT_CONVERSION = YES;
				CLANG_WARN_NON_LITERAL_NULL_CONVERSION = YES;
				CLANG_WARN_OBJC_IMPLICIT_RETAIN_SELF = YES;
				CLANG_WARN_OBJC_LITERAL_CONVERSION = YES;
				CLANG_WARN_OBJC_ROOT_CLASS = YES_ERROR;
				CLANG_WARN_QUOTED_INCLUDE_IN_FRAMEWORK_HEADER = YES;
				CLANG_WARN_RANGE_LOOP_ANALYSIS = YES;
				CLANG_WARN_STRICT_PROTOTYPES = YES;
				CLANG_WARN_SUSPICIOUS_MOVE = YES;
				CLANG_WARN_UNGUARDED_AVAILABILITY = YES_AGGRESSIVE;
				CLANG_WARN_UNREACHABLE_CODE = YES;
				CLANG_WARN__DUPLICATE_METHOD_MATCH = YES;
				COPY_PHASE_STRIP = NO;
				DEBUG_INFORMATION_FORMAT = dwarf;
				ENABLE_STRICT_OBJC_MSGSEND = YES;
				ENABLE_TESTABILITY = YES;
				ENABLE_USER_SCRIPT_SANDBOXING = YES;
				GCC_C_LANGUAGE_STANDARD = gnu17;
				GCC_DYNAMIC_NO_PIC = NO;
				GCC_NO_COMMON_BLOCKS = YES;
				GCC_OPTIMIZATION_LEVEL = 0;
				GCC_PREPROCESSOR_DEFINITIONS = (
					"DEBUG=1",
					"$(inherited)",
				);
				GCC_WARN_64_TO_32_BIT_CONVERSION = YES;
				GCC_WARN_ABOUT_RETURN_TYPE = YES_ERROR;
				GCC_WARN_UNDECLARED_SELECTOR = YES;
				GCC_WARN_UNINITIALIZED_AUTOS = YES_AGGRESSIVE;
				GCC_WARN_UNUSED_FUNCTION = YES;
				GCC_WARN_UNUSED_VARIABLE = YES;
				IPHONEOS_DEPLOYMENT_TARGET = 17.2;
				LOCALIZATION_PREFERS_STRING_CATALOGS = YES;
				MTL_ENABLE_DEBUG_INFO = INCLUDE_SOURCE;
				MTL_FAST_MATH = YES;
				ONLY_ACTIVE_ARCH = YES;
				SDKROOT = iphoneos;
				SWIFT_ACTIVE_COMPILATION_CONDITIONS = "DEBUG $(inherited)";
				SWIFT_OPTIMIZATION_LEVEL = "-Onone";
			};
			name = Debug;
		};
		27DC8E3F2C0A1F26008F5B76 /* Release */ = {
			isa = XCBuildConfiguration;
			buildSettings = {
				ALWAYS_SEARCH_USER_PATHS = NO;
				ASSETCATALOG_COMPILER_GENERATE_SWIFT_ASSET_SYMBOL_EXTENSIONS = YES;
				CLANG_ANALYZER_NONNULL = YES;
				CLANG_ANALYZER_NUMBER_OBJECT_CONVERSION = YES_AGGRESSIVE;
				CLANG_CXX_LANGUAGE_STANDARD = "gnu++20";
				CLANG_ENABLE_MODULES = YES;
				CLANG_ENABLE_OBJC_ARC = YES;
				CLANG_ENABLE_OBJC_WEAK = YES;
				CLANG_WARN_BLOCK_CAPTURE_AUTORELEASING = YES;
				CLANG_WARN_BOOL_CONVERSION = YES;
				CLANG_WARN_COMMA = YES;
				CLANG_WARN_CONSTANT_CONVERSION = YES;
				CLANG_WARN_DEPRECATED_OBJC_IMPLEMENTATIONS = YES;
				CLANG_WARN_DIRECT_OBJC_ISA_USAGE = YES_ERROR;
				CLANG_WARN_DOCUMENTATION_COMMENTS = YES;
				CLANG_WARN_EMPTY_BODY = YES;
				CLANG_WARN_ENUM_CONVERSION = YES;
				CLANG_WARN_INFINITE_RECURSION = YES;
				CLANG_WARN_INT_CONVERSION = YES;
				CLANG_WARN_NON_LITERAL_NULL_CONVERSION = YES;
				CLANG_WARN_OBJC_IMPLICIT_RETAIN_SELF = YES;
				CLANG_WARN_OBJC_LITERAL_CONVERSION = YES;
				CLANG_WARN_OBJC_ROOT_CLASS = YES_ERROR;
				CLANG_WARN_QUOTED_INCLUDE_IN_FRAMEWORK_HEADER = YES;
				CLANG_WARN_RANGE_LOOP_ANALYSIS = YES;
				CLANG_WARN_STRICT_PROTOTYPES = YES;
				CLANG_WARN_SUSPICIOUS_MOVE = YES;
				CLANG_WARN_UNGUARDED_AVAILABILITY = YES_AGGRESSIVE;
				CLANG_WARN_UNREACHABLE_CODE = YES;
				CLANG_WARN__DUPLICATE_METHOD_MATCH = YES;
				COPY_PHASE_STRIP = NO;
				DEBUG_INFORMATION_FORMAT = "dwarf-with-dsym";
				ENABLE_NS_ASSERTIONS = NO;
				ENABLE_STRICT_OBJC_MSGSEND = YES;
				ENABLE_USER_SCRIPT_SANDBOXING = YES;
				GCC_C_LANGUAGE_STANDARD = gnu17;
				GCC_NO_COMMON_BLOCKS = YES;
				GCC_WARN_64_TO_32_BIT_CONVERSION = YES;
				GCC_WARN_ABOUT_RETURN_TYPE = YES_ERROR;
				GCC_WARN_UNDECLARED_SELECTOR = YES;
				GCC_WARN_UNINITIALIZED_AUTOS = YES_AGGRESSIVE;
				GCC_WARN_UNUSED_FUNCTION = YES;
				GCC_WARN_UNUSED_VARIABLE = YES;
				IPHONEOS_DEPLOYMENT_TARGET = 17.2;
				LOCALIZATION_PREFERS_STRING_CATALOGS = YES;
				MTL_ENABLE_DEBUG_INFO = NO;
				MTL_FAST_MATH = YES;
				SDKROOT = iphoneos;
				SWIFT_COMPILATION_MODE = wholemodule;
				VALIDATE_PRODUCT = YES;
			};
			name = Release;
		};
		27DC8E412C0A1F26008F5B76 /* Debug */ = {
			isa = XCBuildConfiguration;
			buildSettings = {
				ASSETCATALOG_COMPILER_APPICON_NAME = AppIcon;
				ASSETCATALOG_COMPILER_GLOBAL_ACCENT_COLOR_NAME = AccentColor;
				CODE_SIGN_STYLE = Automatic;
				CURRENT_PROJECT_VERSION = 1;
				DEVELOPMENT_TEAM = 5YV4VGSKW4;
				GENERATE_INFOPLIST_FILE = YES;
				INFOPLIST_FILE = FoodDeliveryApp/Info.plist;
				INFOPLIST_KEY_UIApplicationSupportsIndirectInputEvents = YES;
				INFOPLIST_KEY_UILaunchStoryboardName = LaunchScreen;
				INFOPLIST_KEY_UISupportedInterfaceOrientations_iPad = "UIInterfaceOrientationPortrait UIInterfaceOrientationPortraitUpsideDown UIInterfaceOrientationLandscapeLeft UIInterfaceOrientationLandscapeRight";
				INFOPLIST_KEY_UISupportedInterfaceOrientations_iPhone = "UIInterfaceOrientationPortrait UIInterfaceOrientationLandscapeLeft UIInterfaceOrientationLandscapeRight";
				LD_RUNPATH_SEARCH_PATHS = (
					"$(inherited)",
					"@executable_path/Frameworks",
				);
				MARKETING_VERSION = 1.0;
				PRODUCT_BUNDLE_IDENTIFIER = com.evgeniyFakhretdinov.FoodDeliveryApp;
				PRODUCT_NAME = "$(TARGET_NAME)";
				SWIFT_EMIT_LOC_STRINGS = YES;
				SWIFT_VERSION = 5.0;
				TARGETED_DEVICE_FAMILY = "1,2";
			};
			name = Debug;
		};
		27DC8E422C0A1F26008F5B76 /* Release */ = {
			isa = XCBuildConfiguration;
			buildSettings = {
				ASSETCATALOG_COMPILER_APPICON_NAME = AppIcon;
				ASSETCATALOG_COMPILER_GLOBAL_ACCENT_COLOR_NAME = AccentColor;
				CODE_SIGN_STYLE = Automatic;
				CURRENT_PROJECT_VERSION = 1;
				DEVELOPMENT_TEAM = 5YV4VGSKW4;
				GENERATE_INFOPLIST_FILE = YES;
				INFOPLIST_FILE = FoodDeliveryApp/Info.plist;
				INFOPLIST_KEY_UIApplicationSupportsIndirectInputEvents = YES;
				INFOPLIST_KEY_UILaunchStoryboardName = LaunchScreen;
				INFOPLIST_KEY_UISupportedInterfaceOrientations_iPad = "UIInterfaceOrientationPortrait UIInterfaceOrientationPortraitUpsideDown UIInterfaceOrientationLandscapeLeft UIInterfaceOrientationLandscapeRight";
				INFOPLIST_KEY_UISupportedInterfaceOrientations_iPhone = "UIInterfaceOrientationPortrait UIInterfaceOrientationLandscapeLeft UIInterfaceOrientationLandscapeRight";
				LD_RUNPATH_SEARCH_PATHS = (
					"$(inherited)",
					"@executable_path/Frameworks",
				);
				MARKETING_VERSION = 1.0;
				PRODUCT_BUNDLE_IDENTIFIER = com.evgeniyFakhretdinov.FoodDeliveryApp;
				PRODUCT_NAME = "$(TARGET_NAME)";
				SWIFT_EMIT_LOC_STRINGS = YES;
				SWIFT_VERSION = 5.0;
				TARGETED_DEVICE_FAMILY = "1,2";
			};
			name = Release;
		};
/* End XCBuildConfiguration section */

/* Begin XCConfigurationList section */
		27DC8E272C0A1F24008F5B76 /* Build configuration list for PBXProject "FoodDeliveryApp" */ = {
			isa = XCConfigurationList;
			buildConfigurations = (
				27DC8E3E2C0A1F26008F5B76 /* Debug */,
				27DC8E3F2C0A1F26008F5B76 /* Release */,
			);
			defaultConfigurationIsVisible = 0;
			defaultConfigurationName = Release;
		};
		27DC8E402C0A1F26008F5B76 /* Build configuration list for PBXNativeTarget "FoodDeliveryApp" */ = {
			isa = XCConfigurationList;
			buildConfigurations = (
				27DC8E412C0A1F26008F5B76 /* Debug */,
				27DC8E422C0A1F26008F5B76 /* Release */,
			);
			defaultConfigurationIsVisible = 0;
			defaultConfigurationName = Release;
		};
/* End XCConfigurationList section */
	};
	rootObject = 27DC8E242C0A1F24008F5B76 /* Project object */;
}
